{
    "_meta": {
        "hash": {
            "sha256": "ac2ea7eabd841c07c452d9a10d2ddc57b7213dbc8ecf966b83d3b81d6aba8765"
        },
        "pipfile-spec": 6,
        "requires": {
            "python_version": "3.11.9"
        },
        "sources": [
            {
                "name": "pypi",
                "url": "https://pypi.org/simple",
                "verify_ssl": false
            }
        ]
    },
    "default": {
        "asgiref": {
            "hashes": [
                "sha256:3e1e3ecc849832fe52ccf2cb6686b7a55f82bb1d6aee72a58826471390335e47",
                "sha256:c343bd80a0bec947a9860adb4c432ffa7db769836c64238fc34bdc3fec84d590"
            ],
            "markers": "python_version >= '3.8'",
            "version": "==3.8.1"
        },
        "certifi": {
            "hashes": [
                "sha256:3cd43f1c6fa7dedc5899d69d3ad0398fd018ad1a17fba83ddaf78aa46c747516",
                "sha256:ddc6c8ce995e6987e7faf5e3f1b02b302836a0e5d98ece18392cb1a36c72ad56"
            ],
            "index": "pypi",
            "markers": "python_version >= '3.6'",
            "version": "==2024.6.2"
        },
        "crispy-bootstrap5": {
            "hashes": [
                "sha256:3867e320920a6ef156e94f9e0f06a80344c453e1b3bd96cd9dc0522ae9e9afb8",
                "sha256:7d1fa40c6faf472e30e85c72551a3d2c9eedbf0abfff920683315e4e6f670f2b"
            ],
            "index": "pypi",
            "markers": "python_version >= '3.8'",
            "version": "==2024.2"
        },
        "django": {
            "hashes": [
                "sha256:8363ac062bb4ef7c3f12d078f6fa5d154031d129a15170a1066412af49d30905",
                "sha256:ff1b61005004e476e0aeea47c7f79b85864c70124030e95146315396f1e7951f"
            ],
            "index": "pypi",
            "markers": "python_version >= '3.10'",
            "version": "==5.0.6"
        },
        "django-crispy-forms": {
            "hashes": [
                "sha256:92cb7b7786fb82646bad739343fd17a99a04b0b736a09e34f3b91f26cbca7e4a",
                "sha256:a681cffd5af270b3082bda02cf8f81bdb5717ed66d2265e87e3df2f4ccf46277"
            ],
            "index": "pypi",
            "markers": "python_version >= '3.8'",
            "version": "==2.2"
        },
        "environ": {
            "hashes": [
                "sha256:052ded34331655b9c7982abd5681a066b9aaf9adf33b3412c7e842ce959e40b0",
                "sha256:4df7f1dfeb7d1c988d2e19a8bd5d547a526e0400aeb35adf732032472f35dcb0",
                "sha256:9266e62dd8004f3bf181b24c97aa129844e7e7ec87bf3ed06ef3888293212011"
            ],
            "index": "pypi",
            "version": "==1.0"
        },
        "python-decouple": {
            "hashes": [
                "sha256:ba6e2657d4f376ecc46f77a3a615e058d93ba5e465c01bbe57289bfb7cce680f",
                "sha256:d0d45340815b25f4de59c974b855bb38d03151d81b037d9e3f463b0c9f8cbd66"
            ],
            "index": "pypi",
            "version": "==3.8"
        },
        "sqlparse": {
            "hashes": [
                "sha256:714d0a4932c059d16189f58ef5411ec2287a4360f17cdd0edd2d09d4c5087c93",
                "sha256:c204494cd97479d0e39f28c93d46c0b2d5959c7b9ab904762ea6c7af211c8663"
            ],
            "markers": "python_version >= '3.8'",
            "version": "==0.5.0"
        }
    },
    "develop": {}
}
